
Microsoft Visual Studio Solution File, Format Version 12.00
# Visual Studio Version 17
VisualStudioVersion = 17.3.32922.545
MinimumVisualStudioVersion = 10.0.40219.1
Project("{FAE04EC0-301F-11D3-BF4B-00C04F79EFBC}") = "CarRental.Api", "CarRental.Api\CarRental.Api.csproj", "{14385C7E-7B44-4445-A276-95E1E5451768}"
EndProject
Global
	GlobalSection(SolutionConfigurationPlatforms) = preSolution
		Debug|Any CPU = Debug|Any CPU
		Release|Any CPU = Release|Any CPU
	EndGlobalSection
	GlobalSection(ProjectConfigurationPlatforms) = postSolution
		{14385C7E-7B44-4445-A276-95E1E5451768}.Debug|Any CPU.ActiveCfg = Debug|Any CPU
		{14385C7E-7B44-4445-A276-95E1E5451768}.Debug|Any CPU.Build.0 = Debug|Any CPU
		{14385C7E-7B44-4445-A276-95E1E5451768}.Release|Any CPU.ActiveCfg = Release|Any CPU
		{14385C7E-7B44-4445-A276-95E1E5451768}.Release|Any CPU.Build.0 = Release|Any CPU
	EndGlobalSection
	GlobalSection(SolutionProperties) = preSolution
		HideSolutionNode = FALSE
	EndGlobalSection
	GlobalSection(ExtensibilityGlobals) = postSolution
		SolutionGuid = {6F00DD83-D0C4-4C2D-8918-F62F92A331A0}
	EndGlobalSection
EndGlobal
